{
  "name": "stargate-universe",
  "version": "0.0.0",
  "lockfileVersion": 3,
  "requires": true,
  "packages": {
    "": {
      "name": "stargate-universe",
      "version": "0.0.0",
      "license": "MIT",
      "dependencies": {
        "@ggez/anim-core": "^0.1.8",
        "@ggez/anim-exporter": "^0.1.8",
        "@ggez/anim-runtime": "^0.1.8",
        "@ggez/anim-schema": "^0.1.8",
        "@ggez/anim-three": "^0.1.8",
        "@ggez/game-dev": "^0.1.8",
        "@ggez/gameplay-runtime": "^0.1.8",
        "@ggez/render-pipeline": "^0.1.8",
        "@ggez/runtime-format": "^0.1.8",
        "@ggez/runtime-physics-crashcat": "^0.1.8",
        "@ggez/shared": "^0.1.8",
        "@ggez/three-runtime": "^0.1.8",
        "@kopertop/vibe-game-engine": "file:../vibe-game-engine",
        "@pixiv/three-vrm": "^3.5.1",
        "@pixiv/three-vrm-animation": "^3.5.1",
        "mitt": "^3.0.1",
        "three": "^0.182.0"
      },
      "devDependencies": {
        "@cloudflare/workers-types": "^4.20260405.1",
        "@playwright/test": "^1.59.1",
        "@types/node": "^25.6.0",
        "@types/three": "^0.182.0",
        "esbuild": "^0.28.0",
        "npm-run-all2": "^8.0.4",
        "typescript": "^5.9.3",
        "vite": "^7.1.12",
        "vitest": "^4.1.2",
        "wrangler": "^4.80.0"
      }
    },
    "../vibe-game-engine": {},
    "node_modules/@cloudflare/kv-asset-handler": {
      "version": "0.4.2",
      "dev": true,
      "license": "MIT OR Apache-2.0",
      "engines": {
        "node": ">=18.0.0"
      }
    },
    "node_modules/@cloudflare/unenv-preset": {
      "version": "2.16.0",
      "dev": true,
      "license": "MIT OR Apache-2.0",
      "peerDependencies": {
        "unenv": "2.0.0-rc.24",
        "workerd": "1.20260301.1 || ~1.20260302.1 || ~1.20260303.1 || ~1.20260304.1 || >1.20260305.0 <2.0.0-0"
      },
      "peerDependenciesMeta": {
        "workerd": {
          "optional": true
        }
      }
    },
    "node_modules/@cloudflare/workerd-linux-arm64": {
      "version": "1.20260405.1",
      "cpu": [
        "arm64"
      ],
      "dev": true,
      "license": "Apache-2.0",
      "optional": true,
      "os": [
        "linux"
      ],
      "engines": {
        "node": ">=16"
      }
    },
    "node_modules/@cloudflare/workers-types": {
      "version": "4.20260408.1",
      "dev": true,
      "license": "MIT OR Apache-2.0"
    },
    "node_modules/@cspotcode/source-map-support": {
      "version": "0.8.1",
      "dev": true,
      "license": "MIT",
      "dependencies": {
        "@jridgewell/trace-mapping": "0.3.9"
      },
      "engines": {
        "node": ">=12"
      }
    },
    "node_modules/@dimforge/rapier3d-compat": {
      "version": "0.12.0",
      "license": "Apache-2.0"
    },
    "node_modules/@esbuild/linux-arm64": {
      "version": "0.28.0",
      "cpu": [
        "arm64"
      ],
      "dev": true,
      "license": "MIT",
      "optional": true,
      "os": [
        "linux"
      ],
      "engines": {
        "node": ">=18"
      }
    },
    "node_modules/@ggez/anim-core": {
      "version": "0.1.12",
      "license": "MIT",
      "dependencies": {
        "@ggez/anim-utils": "0.1.12"
      }
    },
    "node_modules/@ggez/anim-exporter": {
      "version": "0.1.12",
      "license": "MIT",
      "dependencies": {
        "@ggez/anim-core": "0.1.12",
        "@ggez/anim-schema": "0.1.12"
      }
    },
    "node_modules/@ggez/anim-runtime": {
      "version": "0.1.12",
      "license": "MIT",
      "dependencies": {
        "@ggez/anim-core": "0.1.12",
        "@ggez/anim-schema": "0.1.12",
        "@ggez/anim-utils": "0.1.12"
      }
    },
    "node_modules/@ggez/anim-schema": {
      "version": "0.1.12",
      "license": "MIT",
      "dependencies": {
        "zod": "^3.25.76"
      }
    },
    "node_modules/@ggez/anim-three": {
      "version": "0.1.12",
      "license": "MIT",
      "dependencies": {
        "@ggez/anim-core": "0.1.12",
        "@ggez/anim-runtime": "0.1.12",
        "@types/three": "^0.181.0",
        "three": "^0.181.1"
      }
    },
    "node_modules/@ggez/anim-utils": {
      "version": "0.1.12",
      "license": "MIT"
    },
    "node_modules/@ggez/editor-core": {
      "version": "0.1.11",
      "license": "MIT",
      "dependencies": {
        "@ggez/geometry-kernel": "0.1.11",
        "@ggez/shared": "0.1.11",
        "three": "^0.181.1"
      }
    },
    "node_modules/@ggez/game-dev": {
      "version": "0.1.12",
      "license": "MIT"
    },
    "node_modules/@ggez/gameplay-runtime": {
      "version": "0.1.12",
      "license": "MIT",
      "dependencies": {
        "@ggez/runtime-format": "0.1.12",
        "@ggez/shared": "0.1.12",
        "three": "^0.181.1"
      }
    },
    "node_modules/@ggez/gameplay-runtime/node_modules/@ggez/runtime-format": {
      "version": "0.1.12",
      "license": "MIT",
      "dependencies": {
        "@ggez/shared": "0.1.12"
      }
    },
    "node_modules/@ggez/gameplay-runtime/node_modules/@ggez/shared": {
      "version": "0.1.12",
      "license": "MIT",
      "dependencies": {
        "three": "^0.181.1"
      }
    },
    "node_modules/@ggez/geometry-kernel": {
      "version": "0.1.11",
      "license": "MIT",
      "dependencies": {
        "@ggez/shared": "0.1.11",
        "clipper2-ts": "latest",
        "earcut": "^3.0.2"
      }
    },
    "node_modules/@ggez/render-pipeline": {
      "version": "0.1.11",
      "license": "MIT",
      "dependencies": {
        "@ggez/geometry-kernel": "0.1.11",
        "@ggez/shared": "0.1.11",
        "earcut": "^3.0.2",
        "three": "^0.181.1",
        "three-mesh-bvh": "^0.9.2"
      }
    },
    "node_modules/@ggez/runtime-build": {
      "version": "0.1.11",
      "license": "MIT",
      "dependencies": {
        "@ggez/editor-core": "0.1.11",
        "@ggez/geometry-kernel": "0.1.11",
        "@ggez/runtime-format": "0.1.11",
        "@ggez/shared": "0.1.11",
        "fflate": "^0.8.2",
        "three": "^0.181.1",
        "three-mesh-bvh": "^0.9.2"
      },
      "bin": {
        "web-hammer-runtime-build": "dist/cli.js"
      }
    },
    "node_modules/@ggez/runtime-format": {
      "version": "0.1.11",
      "license": "MIT",
      "dependencies": {
        "@ggez/shared": "0.1.11"
      }
    },
    "node_modules/@ggez/runtime-physics-crashcat": {
      "version": "0.1.11",
      "license": "MIT",
      "dependencies": {
        "@ggez/render-pipeline": "0.1.11",
        "@ggez/runtime-format": "0.1.11",
        "@ggez/shared": "0.1.11",
        "crashcat": "^0.0.3",
        "three": "^0.181.1"
      }
    },
    "node_modules/@ggez/shared": {
      "version": "0.1.11",
      "license": "MIT",
      "dependencies": {
        "three": "^0.181.1"
      }
    },
    "node_modules/@ggez/three-runtime": {
      "version": "0.1.11",
      "license": "MIT",
      "dependencies": {
        "@ggez/runtime-build": "0.1.11",
        "@ggez/runtime-format": "0.1.11",
        "@ggez/shared": "0.1.11",
        "earcut": "^3.0.2",
        "three": "^0.181.1"
      }
    },
    "node_modules/@img/colour": {
      "version": "1.1.0",
      "dev": true,
      "license": "MIT",
      "engines": {
        "node": ">=18"
      }
    },
    "node_modules/@img/sharp-libvips-linux-arm64": {
      "version": "1.2.4",
      "cpu": [
        "arm64"
      ],
      "dev": true,
      "license": "LGPL-3.0-or-later",
      "optional": true,
      "os": [
        "linux"
      ],
      "funding": {
        "url": "https://opencollective.com/libvips"
      }
    },
    "node_modules/@img/sharp-libvips-linuxmusl-arm64": {
      "version": "1.2.4",
      "cpu": [
        "arm64"
      ],
      "dev": true,
      "license": "LGPL-3.0-or-later",
      "optional": true,
      "os": [
        "linux"
      ],
      "funding": {
        "url": "https://opencollective.com/libvips"
      }
    },
    "node_modules/@img/sharp-linux-arm64": {
      "version": "0.34.5",
      "cpu": [
        "arm64"
      ],
      "dev": true,
      "license": "Apache-2.0",
      "optional": true,
      "os": [
        "linux"
      ],
      "engines": {
        "node": "^18.17.0 || ^20.3.0 || >=21.0.0"
      },
      "funding": {
        "url": "https://opencollective.com/libvips"
      },
      "optionalDependencies": {
        "@img/sharp-libvips-linux-arm64": "1.2.4"
      }
    },
    "node_modules/@img/sharp-linuxmusl-arm64": {
      "version": "0.34.5",
      "cpu": [
        "arm64"
      ],
      "dev": true,
      "license": "Apache-2.0",
      "optional": true,
      "os": [
        "linux"
      ],
      "engines": {
        "node": "^18.17.0 || ^20.3.0 || >=21.0.0"
      },
      "funding": {
        "url": "https://opencollective.com/libvips"
      },
      "optionalDependencies": {
        "@img/sharp-libvips-linuxmusl-arm64": "1.2.4"
      }
    },
    "node_modules/@jridgewell/resolve-uri": {
      "version": "3.1.2",
      "dev": true,
      "license": "MIT",
      "engines": {
        "node": ">=6.0.0"
      }
    },
    "node_modules/@jridgewell/sourcemap-codec": {
      "version": "1.5.5",
      "dev": true,
      "license": "MIT"
    },
    "node_modules/@jridgewell/trace-mapping": {
      "version": "0.3.9",
      "dev": true,
      "license": "MIT",
      "dependencies": {
        "@jridgewell/resolve-uri": "^3.0.3",
        "@jridgewell/sourcemap-codec": "^1.4.10"
      }
    },
    "node_modules/@kopertop/vibe-game-engine": {
      "resolved": "../vibe-game-engine",
      "link": true
    },
    "node_modules/@pixiv/three-vrm": {
      "version": "3.5.1",
      "license": "MIT",
      "dependencies": {
        "@pixiv/three-vrm-core": "3.5.1",
        "@pixiv/three-vrm-materials-hdr-emissive-multiplier": "3.5.1",
        "@pixiv/three-vrm-materials-mtoon": "3.5.1",
        "@pixiv/three-vrm-materials-v0compat": "3.5.1",
        "@pixiv/three-vrm-node-constraint": "3.5.1",
        "@pixiv/three-vrm-springbone": "3.5.1"
      },
      "peerDependencies": {
        "three": ">=0.137"
      }
    },
    "node_modules/@pixiv/three-vrm-animation": {
      "version": "3.5.1",
      "license": "MIT",
      "dependencies": {
        "@pixiv/three-vrm-core": "3.5.1",
        "@pixiv/types-vrmc-vrm-1.0": "3.5.1",
        "@pixiv/types-vrmc-vrm-animation-1.0": "3.5.1"
      },
      "peerDependencies": {
        "three": ">=0.137"
      }
    },
    "node_modules/@pixiv/three-vrm-core": {
      "version": "3.5.1",
      "license": "MIT",
      "dependencies": {
        "@pixiv/types-vrm-0.0": "3.5.1",
        "@pixiv/types-vrmc-vrm-1.0": "3.5.1"
      },
      "peerDependencies": {
        "three": ">=0.137"
      }
    },
    "node_modules/@pixiv/three-vrm-materials-hdr-emissive-multiplier": {
      "version": "3.5.1",
      "license": "MIT",
      "dependencies": {
        "@pixiv/types-vrmc-materials-hdr-emissive-multiplier-1.0": "3.5.1"
      },
      "peerDependencies": {
        "three": ">=0.137"
      }
    },
    "node_modules/@pixiv/three-vrm-materials-mtoon": {
      "version": "3.5.1",
      "license": "MIT",
      "dependencies": {
        "@pixiv/types-vrm-0.0": "3.5.1",
        "@pixiv/types-vrmc-materials-mtoon-1.0": "3.5.1"
      },
      "peerDependencies": {
        "three": ">=0.137"
      }
    },
    "node_modules/@pixiv/three-vrm-materials-v0compat": {
      "version": "3.5.1",
      "license": "MIT",
      "dependencies": {
        "@pixiv/types-vrm-0.0": "3.5.1",
        "@pixiv/types-vrmc-materials-mtoon-1.0": "3.5.1"
      },
      "peerDependencies": {
        "three": ">=0.137"
      }
    },
    "node_modules/@pixiv/three-vrm-node-constraint": {
      "version": "3.5.1",
      "license": "MIT",
      "dependencies": {
        "@pixiv/types-vrmc-node-constraint-1.0": "3.5.1"
      },
      "peerDependencies": {
        "three": ">=0.137"
      }
    },
    "node_modules/@pixiv/three-vrm-springbone": {
      "version": "3.5.1",
      "license": "MIT",
      "dependencies": {
        "@pixiv/types-vrm-0.0": "3.5.1",
        "@pixiv/types-vrmc-springbone-1.0": "3.5.1",
        "@pixiv/types-vrmc-springbone-extended-collider-1.0": "3.5.1"
      },
      "peerDependencies": {
        "three": ">=0.137"
      }
    },
    "node_modules/@pixiv/types-vrm-0.0": {
      "version": "3.5.1",
      "license": "MIT"
    },
    "node_modules/@pixiv/types-vrmc-materials-hdr-emissive-multiplier-1.0": {
      "version": "3.5.1",
      "license": "MIT"
    },
    "node_modules/@pixiv/types-vrmc-materials-mtoon-1.0": {
      "version": "3.5.1",
      "license": "MIT"
    },
    "node_modules/@pixiv/types-vrmc-node-constraint-1.0": {
      "version": "3.5.1",
      "license": "MIT"
    },
    "node_modules/@pixiv/types-vrmc-springbone-1.0": {
      "version": "3.5.1",
      "license": "MIT"
    },
    "node_modules/@pixiv/types-vrmc-springbone-extended-collider-1.0": {
      "version": "3.5.1",
      "license": "MIT"
    },
    "node_modules/@pixiv/types-vrmc-vrm-1.0": {
      "version": "3.5.1",
      "license": "MIT"
    },
    "node_modules/@pixiv/types-vrmc-vrm-animation-1.0": {
      "version": "3.5.1",
      "license": "MIT",
      "dependencies": {
        "@pixiv/types-vrmc-vrm-1.0": "2.0.3"
      }
    },
    "node_modules/@pixiv/types-vrmc-vrm-animation-1.0/node_modules/@pixiv/types-vrmc-vrm-1.0": {
      "version": "2.0.3",
      "license": "MIT"
    },
    "node_modules/@playwright/test": {
      "version": "1.59.1",
      "dev": true,
      "license": "Apache-2.0",
      "dependencies": {
        "playwright": "1.59.1"
      },
      "bin": {
        "playwright": "cli.js"
      },
      "engines": {
        "node": ">=18"
      }
    },
    "node_modules/@poppinss/colors": {
      "version": "4.1.6",
      "dev": true,
      "license": "MIT",
      "dependencies": {
        "kleur": "^4.1.5"
      }
    },
    "node_modules/@poppinss/dumper": {
      "version": "0.6.5",
      "dev": true,
      "license": "MIT",
      "dependencies": {
        "@poppinss/colors": "^4.1.5",
        "@sindresorhus/is": "^7.0.2",
        "supports-color": "^10.0.0"
      }
    },
    "node_modules/@poppinss/exception": {
      "version": "1.2.3",
      "dev": true,
      "license": "MIT"
    },
    "node_modules/@rollup/rollup-linux-arm64-gnu": {
      "version": "4.60.1",
      "cpu": [
        "arm64"
      ],
      "dev": true,
      "license": "MIT",
      "optional": true,
      "os": [
        "linux"
      ]
    },
    "node_modules/@rollup/rollup-linux-arm64-musl": {
      "version": "4.60.1",
      "cpu": [
        "arm64"
      ],
      "dev": true,
      "license": "MIT",
      "optional": true,
      "os": [
        "linux"
      ]
    },
    "node_modules/@sindresorhus/is": {
      "version": "7.2.0",
      "dev": true,
      "license": "MIT",
      "engines": {
        "node": ">=18"
      },
      "funding": {
        "url": "https://github.com/sindresorhus/is?sponsor=1"
      }
    },
    "node_modules/@speed-highlight/core": {
      "version": "1.2.15",
      "dev": true,
      "license": "CC0-1.0"
    },
    "node_modules/@standard-schema/spec": {
      "version": "1.1.0",
      "dev": true,
      "license": "MIT"
    },
    "node_modules/@tweenjs/tween.js": {
      "version": "23.1.3",
      "license": "MIT"
    },
    "node_modules/@types/chai": {
      "version": "5.2.3",
      "dev": true,
      "license": "MIT",
      "dependencies": {
        "@types/deep-eql": "*",
        "assertion-error": "^2.0.1"
      }
    },
    "node_modules/@types/deep-eql": {
      "version": "4.0.2",
      "dev": true,
      "license": "MIT"
    },
    "node_modules/@types/estree": {
      "version": "1.0.8",
      "dev": true,
      "license": "MIT"
    },
    "node_modules/@types/node": {
      "version": "25.6.0",
      "resolved": "https://registry.npmjs.org/@types/node/-/node-25.6.0.tgz",
      "integrity": "sha512-+qIYRKdNYJwY3vRCZMdJbPLJAtGjQBudzZzdzwQYkEPQd+PJGixUL5QfvCLDaULoLv+RhT3LDkwEfKaAkgSmNQ==",
      "dev": true,
      "license": "MIT",
      "dependencies": {
        "undici-types": "~7.19.0"
      }
    },
    "node_modules/@types/stats.js": {
      "version": "0.17.4",
      "license": "MIT"
    },
    "node_modules/@types/three": {
      "version": "0.182.0",
      "resolved": "https://registry.npmjs.org/@types/three/-/three-0.182.0.tgz",
      "integrity": "sha512-WByN9V3Sbwbe2OkWuSGyoqQO8Du6yhYaXtXLoA5FkKTUJorZ+yOHBZ35zUUPQXlAKABZmbYp5oAqpA4RBjtJ/Q==",
      "license": "MIT",
      "dependencies": {
        "@dimforge/rapier3d-compat": "~0.12.0",
        "@tweenjs/tween.js": "~23.1.3",
        "@types/stats.js": "*",
        "@types/webxr": ">=0.5.17",
        "@webgpu/types": "*",
        "fflate": "~0.8.2",
        "meshoptimizer": "~0.22.0"
      }
    },
    "node_modules/@types/webxr": {
      "version": "0.5.24",
      "license": "MIT"
    },
    "node_modules/@vitest/expect": {
      "version": "4.1.3",
      "dev": true,
      "license": "MIT",
      "dependencies": {
        "@standard-schema/spec": "^1.1.0",
        "@types/chai": "^5.2.2",
        "@vitest/spy": "4.1.3",
        "@vitest/utils": "4.1.3",
        "chai": "^6.2.2",
        "tinyrainbow": "^3.1.0"
      },
      "funding": {
        "url": "https://opencollective.com/vitest"
      }
    },
    "node_modules/@vitest/mocker": {
      "version": "4.1.3",
      "dev": true,
      "license": "MIT",
      "dependencies": {
        "@vitest/spy": "4.1.3",
        "estree-walker": "^3.0.3",
        "magic-string": "^0.30.21"
      },
      "funding": {
        "url": "https://opencollective.com/vitest"
      },
      "peerDependencies": {
        "msw": "^2.4.9",
        "vite": "^6.0.0 || ^7.0.0 || ^8.0.0"
      },
      "peerDependenciesMeta": {
        "msw": {
          "optional": true
        },
        "vite": {
          "optional": true
        }
      }
    },
    "node_modules/@vitest/pretty-format": {
      "version": "4.1.3",
      "dev": true,
      "license": "MIT",
      "dependencies": {
        "tinyrainbow": "^3.1.0"
      },
      "funding": {
        "url": "https://opencollective.com/vitest"
      }
    },
    "node_modules/@vitest/runner": {
      "version": "4.1.3",
      "dev": true,
      "license": "MIT",
      "dependencies": {
        "@vitest/utils": "4.1.3",
        "pathe": "^2.0.3"
      },
      "funding": {
        "url": "https://opencollective.com/vitest"
      }
    },
    "node_modules/@vitest/snapshot": {
      "version": "4.1.3",
      "dev": true,
      "license": "MIT",
      "dependencies": {
        "@vitest/pretty-format": "4.1.3",
        "@vitest/utils": "4.1.3",
        "magic-string": "^0.30.21",
        "pathe": "^2.0.3"
      },
      "funding": {
        "url": "https://opencollective.com/vitest"
      }
    },
    "node_modules/@vitest/spy": {
      "version": "4.1.3",
      "dev": true,
      "license": "MIT",
      "funding": {
        "url": "https://opencollective.com/vitest"
      }
    },
    "node_modules/@vitest/utils": {
      "version": "4.1.3",
      "dev": true,
      "license": "MIT",
      "dependencies": {
        "@vitest/pretty-format": "4.1.3",
        "convert-source-map": "^2.0.0",
        "tinyrainbow": "^3.1.0"
      },
      "funding": {
        "url": "https://opencollective.com/vitest"
      }
    },
    "node_modules/@webgpu/types": {
      "version": "0.1.69",
      "license": "BSD-3-Clause"
    },
    "node_modules/ansi-styles": {
      "version": "6.2.3",
      "dev": true,
      "license": "MIT",
      "engines": {
        "node": ">=12"
      },
      "funding": {
        "url": "https://github.com/chalk/ansi-styles?sponsor=1"
      }
    },
    "node_modules/assertion-error": {
      "version": "2.0.1",
      "dev": true,
      "license": "MIT",
      "engines": {
        "node": ">=12"
      }
    },
    "node_modules/blake3-wasm": {
      "version": "2.1.5",
      "dev": true,
      "license": "MIT"
    },
    "node_modules/chai": {
      "version": "6.2.2",
      "dev": true,
      "license": "MIT",
      "engines": {
        "node": ">=18"
      }
    },
    "node_modules/clipper2-ts": {
      "version": "2.0.1-15",
      "resolved": "https://registry.npmjs.org/clipper2-ts/-/clipper2-ts-2.0.1-15.tgz",
      "integrity": "sha512-roegGp2c3DIyBvTDZM6IwFxe1xRIkg4vvftmf4S6U9FYcRyzfiXVKZxtVL3F4JjqArXq78Cf4L1FzLWXOlE3cQ==",
      "license": "BSL-1.0",
      "engines": {
        "node": ">=14.0.0"
      }
    },
    "node_modules/convert-source-map": {
      "version": "2.0.0",
      "dev": true,
      "license": "MIT"
    },
    "node_modules/cookie": {
      "version": "1.1.1",
      "dev": true,
      "license": "MIT",
      "engines": {
        "node": ">=18"
      },
      "funding": {
        "type": "opencollective",
        "url": "https://opencollective.com/express"
      }
    },
    "node_modules/crashcat": {
      "version": "0.0.3",
      "license": "MIT",
      "dependencies": {
        "mathcat": "0.0.11"
      },
      "peerDependencies": {
        "mathcat": "0.0.11",
        "three": ">=0.182.0"
      },
      "peerDependenciesMeta": {
        "three": {
          "optional": true
        }
      }
    },
    "node_modules/cross-spawn": {
      "version": "7.0.6",
      "dev": true,
      "license": "MIT",
      "dependencies": {
        "path-key": "^3.1.0",
        "shebang-command": "^2.0.0",
        "which": "^2.0.1"
      },
      "engines": {
        "node": ">= 8"
      }
    },
    "node_modules/cross-spawn/node_modules/isexe": {
      "version": "2.0.0",
      "dev": true,
      "license": "ISC"
    },
    "node_modules/cross-spawn/node_modules/which": {
      "version": "2.0.2",
      "dev": true,
      "license": "ISC",
      "dependencies": {
        "isexe": "^2.0.0"
      },
      "bin": {
        "node-which": "bin/node-which"
      },
      "engines": {
        "node": ">= 8"
      }
    },
    "node_modules/detect-libc": {
      "version": "2.1.2",
      "dev": true,
      "license": "Apache-2.0",
      "engines": {
        "node": ">=8"
      }
    },
    "node_modules/earcut": {
      "version": "3.0.2",
      "license": "ISC"
    },
    "node_modules/error-stack-parser-es": {
      "version": "1.0.5",
      "dev": true,
      "license": "MIT",
      "funding": {
        "url": "https://github.com/sponsors/antfu"
      }
    },
    "node_modules/es-module-lexer": {
      "version": "2.0.0",
      "dev": true,
      "license": "MIT"
    },
    "node_modules/esbuild": {
      "version": "0.28.0",
      "dev": true,
      "hasInstallScript": true,
      "license": "MIT",
      "bin": {
        "esbuild": "bin/esbuild"
      },
      "engines": {
        "node": ">=18"
      },
      "optionalDependencies": {
        "@esbuild/aix-ppc64": "0.28.0",
        "@esbuild/android-arm": "0.28.0",
        "@esbuild/android-arm64": "0.28.0",
        "@esbuild/android-x64": "0.28.0",
        "@esbuild/darwin-arm64": "0.28.0",
        "@esbuild/darwin-x64": "0.28.0",
        "@esbuild/freebsd-arm64": "0.28.0",
        "@esbuild/freebsd-x64": "0.28.0",
        "@esbuild/linux-arm": "0.28.0",
        "@esbuild/linux-arm64": "0.28.0",
        "@esbuild/linux-ia32": "0.28.0",
        "@esbuild/linux-loong64": "0.28.0",
        "@esbuild/linux-mips64el": "0.28.0",
        "@esbuild/linux-ppc64": "0.28.0",
        "@esbuild/linux-riscv64": "0.28.0",
        "@esbuild/linux-s390x": "0.28.0",
        "@esbuild/linux-x64": "0.28.0",
        "@esbuild/netbsd-arm64": "0.28.0",
        "@esbuild/netbsd-x64": "0.28.0",
        "@esbuild/openbsd-arm64": "0.28.0",
        "@esbuild/openbsd-x64": "0.28.0",
        "@esbuild/openharmony-arm64": "0.28.0",
        "@esbuild/sunos-x64": "0.28.0",
        "@esbuild/win32-arm64": "0.28.0",
        "@esbuild/win32-ia32": "0.28.0",
        "@esbuild/win32-x64": "0.28.0"
      }
    },
    "node_modules/estree-walker": {
      "version": "3.0.3",
      "dev": true,
      "license": "MIT",
      "dependencies": {
        "@types/estree": "^1.0.0"
      }
    },
    "node_modules/expect-type": {
      "version": "1.3.0",
      "dev": true,
      "license": "Apache-2.0",
      "engines": {
        "node": ">=12.0.0"
      }
    },
    "node_modules/fdir": {
      "version": "6.5.0",
      "dev": true,
      "license": "MIT",
      "engines": {
        "node": ">=12.0.0"
      },
      "peerDependencies": {
        "picomatch": "^3 || ^4"
      },
      "peerDependenciesMeta": {
        "picomatch": {
          "optional": true
        }
      }
    },
    "node_modules/fflate": {
      "version": "0.8.2",
      "license": "MIT"
    },
    "node_modules/isexe": {
      "version": "3.1.5",
      "dev": true,
      "license": "BlueOak-1.0.0",
      "engines": {
        "node": ">=18"
      }
    },
    "node_modules/json-parse-even-better-errors": {
      "version": "4.0.0",
      "dev": true,
      "license": "MIT",
      "engines": {
        "node": "^18.17.0 || >=20.5.0"
      }
    },
    "node_modules/kleur": {
      "version": "4.1.5",
      "dev": true,
      "license": "MIT",
      "engines": {
        "node": ">=6"
      }
    },
    "node_modules/magic-string": {
      "version": "0.30.21",
      "dev": true,
      "license": "MIT",
      "dependencies": {
        "@jridgewell/sourcemap-codec": "^1.5.5"
      }
    },
    "node_modules/mathcat": {
      "version": "0.0.11",
      "license": "MIT"
    },
    "node_modules/memorystream": {
      "version": "0.3.1",
      "dev": true,
      "engines": {
        "node": ">= 0.10.0"
      }
    },
    "node_modules/meshoptimizer": {
      "version": "0.22.0",
      "license": "MIT"
    },
    "node_modules/miniflare": {
      "version": "4.20260405.0",
      "dev": true,
      "license": "MIT",
      "dependencies": {
        "@cspotcode/source-map-support": "0.8.1",
        "sharp": "^0.34.5",
        "undici": "7.24.4",
        "workerd": "1.20260405.1",
        "ws": "8.18.0",
        "youch": "4.1.0-beta.10"
      },
      "bin": {
        "miniflare": "bootstrap.js"
      },
      "engines": {
        "node": ">=18.0.0"
      }
    },
    "node_modules/mitt": {
      "version": "3.0.1",
      "license": "MIT"
    },
    "node_modules/nanoid": {
      "version": "3.3.11",
      "dev": true,
      "funding": [
        {
          "type": "github",
          "url": "https://github.com/sponsors/ai"
        }
      ],
      "license": "MIT",
      "bin": {
        "nanoid": "bin/nanoid.cjs"
      },
      "engines": {
        "node": "^10 || ^12 || ^13.7 || ^14 || >=15.0.1"
      }
    },
    "node_modules/npm-normalize-package-bin": {
      "version": "4.0.0",
      "dev": true,
      "license": "ISC",
      "engines": {
        "node": "^18.17.0 || >=20.5.0"
      }
    },
    "node_modules/npm-run-all2": {
      "version": "8.0.4",
      "dev": true,
      "license": "MIT",
      "dependencies": {
        "ansi-styles": "^6.2.1",
        "cross-spawn": "^7.0.6",
        "memorystream": "^0.3.1",
        "picomatch": "^4.0.2",
        "pidtree": "^0.6.0",
        "read-package-json-fast": "^4.0.0",
        "shell-quote": "^1.7.3",
        "which": "^5.0.0"
      },
      "bin": {
        "npm-run-all": "bin/npm-run-all/index.js",
        "npm-run-all2": "bin/npm-run-all/index.js",
        "run-p": "bin/run-p/index.js",
        "run-s": "bin/run-s/index.js"
      },
      "engines": {
        "node": "^20.5.0 || >=22.0.0",
        "npm": ">= 10"
      }
    },
    "node_modules/obug": {
      "version": "2.1.1",
      "dev": true,
      "funding": [
        "https://github.com/sponsors/sxzz",
        "https://opencollective.com/debug"
      ],
      "license": "MIT"
    },
    "node_modules/path-key": {
      "version": "3.1.1",
      "dev": true,
      "license": "MIT",
      "engines": {
        "node": ">=8"
      }
    },
    "node_modules/path-to-regexp": {
      "version": "6.3.0",
      "dev": true,
      "license": "MIT"
    },
    "node_modules/pathe": {
      "version": "2.0.3",
      "dev": true,
      "license": "MIT"
    },
    "node_modules/picocolors": {
      "version": "1.1.1",
      "dev": true,
      "license": "ISC"
    },
    "node_modules/picomatch": {
      "version": "4.0.4",
      "dev": true,
      "license": "MIT",
      "engines": {
        "node": ">=12"
      },
      "funding": {
        "url": "https://github.com/sponsors/jonschlinkert"
      }
    },
    "node_modules/pidtree": {
      "version": "0.6.0",
      "dev": true,
      "license": "MIT",
      "bin": {
        "pidtree": "bin/pidtree.js"
      },
      "engines": {
        "node": ">=0.10"
      }
    },
    "node_modules/playwright": {
      "version": "1.59.1",
      "dev": true,
      "license": "Apache-2.0",
      "dependencies": {
        "playwright-core": "1.59.1"
      },
      "bin": {
        "playwright": "cli.js"
      },
      "engines": {
        "node": ">=18"
      },
      "optionalDependencies": {
        "fsevents": "2.3.2"
      }
    },
    "node_modules/playwright-core": {
      "version": "1.59.1",
      "dev": true,
      "license": "Apache-2.0",
      "bin": {
        "playwright-core": "cli.js"
      },
      "engines": {
        "node": ">=18"
      }
    },
    "node_modules/postcss": {
      "version": "8.5.8",
      "dev": true,
      "funding": [
        {
          "type": "opencollective",
          "url": "https://opencollective.com/postcss/"
        },
        {
          "type": "tidelift",
          "url": "https://tidelift.com/funding/github/npm/postcss"
        },
        {
          "type": "github",
          "url": "https://github.com/sponsors/ai"
        }
      ],
      "license": "MIT",
      "dependencies": {
        "nanoid": "^3.3.11",
        "picocolors": "^1.1.1",
        "source-map-js": "^1.2.1"
      },
      "engines": {
        "node": "^10 || ^12 || >=14"
      }
    },
    "node_modules/read-package-json-fast": {
      "version": "4.0.0",
      "dev": true,
      "license": "ISC",
      "dependencies": {
        "json-parse-even-better-errors": "^4.0.0",
        "npm-normalize-package-bin": "^4.0.0"
      },
      "engines": {
        "node": "^18.17.0 || >=20.5.0"
      }
    },
    "node_modules/rollup": {
      "version": "4.60.1",
      "dev": true,
      "license": "MIT",
      "dependencies": {
        "@types/estree": "1.0.8"
      },
      "bin": {
        "rollup": "dist/bin/rollup"
      },
      "engines": {
        "node": ">=18.0.0",
        "npm": ">=8.0.0"
      },
      "optionalDependencies": {
        "@rollup/rollup-android-arm-eabi": "4.60.1",
        "@rollup/rollup-android-arm64": "4.60.1",
        "@rollup/rollup-darwin-arm64": "4.60.1",
        "@rollup/rollup-darwin-x64": "4.60.1",
        "@rollup/rollup-freebsd-arm64": "4.60.1",
        "@rollup/rollup-freebsd-x64": "4.60.1",
        "@rollup/rollup-linux-arm-gnueabihf": "4.60.1",
        "@rollup/rollup-linux-arm-musleabihf": "4.60.1",
        "@rollup/rollup-linux-arm64-gnu": "4.60.1",
        "@rollup/rollup-linux-arm64-musl": "4.60.1",
        "@rollup/rollup-linux-loong64-gnu": "4.60.1",
        "@rollup/rollup-linux-loong64-musl": "4.60.1",
        "@rollup/rollup-linux-ppc64-gnu": "4.60.1",
        "@rollup/rollup-linux-ppc64-musl": "4.60.1",
        "@rollup/rollup-linux-riscv64-gnu": "4.60.1",
        "@rollup/rollup-linux-riscv64-musl": "4.60.1",
        "@rollup/rollup-linux-s390x-gnu": "4.60.1",
        "@rollup/rollup-linux-x64-gnu": "4.60.1",
        "@rollup/rollup-linux-x64-musl": "4.60.1",
        "@rollup/rollup-openbsd-x64": "4.60.1",
        "@rollup/rollup-openharmony-arm64": "4.60.1",
        "@rollup/rollup-win32-arm64-msvc": "4.60.1",
        "@rollup/rollup-win32-ia32-msvc": "4.60.1",
        "@rollup/rollup-win32-x64-gnu": "4.60.1",
        "@rollup/rollup-win32-x64-msvc": "4.60.1",
        "fsevents": "~2.3.2"
      }
    },
    "node_modules/semver": {
      "version": "7.7.4",
      "dev": true,
      "license": "ISC",
      "bin": {
        "semver": "bin/semver.js"
      },
      "engines": {
        "node": ">=10"
      }
    },
    "node_modules/sharp": {
      "version": "0.34.5",
      "dev": true,
      "hasInstallScript": true,
      "license": "Apache-2.0",
      "dependencies": {
        "@img/colour": "^1.0.0",
        "detect-libc": "^2.1.2",
        "semver": "^7.7.3"
      },
      "engines": {
        "node": "^18.17.0 || ^20.3.0 || >=21.0.0"
      },
      "funding": {
        "url": "https://opencollective.com/libvips"
      },
      "optionalDependencies": {
        "@img/sharp-darwin-arm64": "0.34.5",
        "@img/sharp-darwin-x64": "0.34.5",
        "@img/sharp-libvips-darwin-arm64": "1.2.4",
        "@img/sharp-libvips-darwin-x64": "1.2.4",
        "@img/sharp-libvips-linux-arm": "1.2.4",
        "@img/sharp-libvips-linux-arm64": "1.2.4",
        "@img/sharp-libvips-linux-ppc64": "1.2.4",
        "@img/sharp-libvips-linux-riscv64": "1.2.4",
        "@img/sharp-libvips-linux-s390x": "1.2.4",
        "@img/sharp-libvips-linux-x64": "1.2.4",
        "@img/sharp-libvips-linuxmusl-arm64": "1.2.4",
        "@img/sharp-libvips-linuxmusl-x64": "1.2.4",
        "@img/sharp-linux-arm": "0.34.5",
        "@img/sharp-linux-arm64": "0.34.5",
        "@img/sharp-linux-ppc64": "0.34.5",
        "@img/sharp-linux-riscv64": "0.34.5",
        "@img/sharp-linux-s390x": "0.34.5",
        "@img/sharp-linux-x64": "0.34.5",
        "@img/sharp-linuxmusl-arm64": "0.34.5",
        "@img/sharp-linuxmusl-x64": "0.34.5",
        "@img/sharp-wasm32": "0.34.5",
        "@img/sharp-win32-arm64": "0.34.5",
        "@img/sharp-win32-ia32": "0.34.5",
        "@img/sharp-win32-x64": "0.34.5"
      }
    },
    "node_modules/shebang-command": {
      "version": "2.0.0",
      "dev": true,
      "license": "MIT",
      "dependencies": {
        "shebang-regex": "^3.0.0"
      },
      "engines": {
        "node": ">=8"
      }
    },
    "node_modules/shebang-regex": {
      "version": "3.0.0",
      "dev": true,
      "license": "MIT",
      "engines": {
        "node": ">=8"
      }
    },
    "node_modules/shell-quote": {
      "version": "1.8.3",
      "dev": true,
      "license": "MIT",
      "engines": {
        "node": ">= 0.4"
      },
      "funding": {
        "url": "https://github.com/sponsors/ljharb"
      }
    },
    "node_modules/siginfo": {
      "version": "2.0.0",
      "dev": true,
      "license": "ISC"
    },
    "node_modules/source-map-js": {
      "version": "1.2.1",
      "dev": true,
      "license": "BSD-3-Clause",
      "engines": {
        "node": ">=0.10.0"
      }
    },
    "node_modules/stackback": {
      "version": "0.0.2",
      "dev": true,
      "license": "MIT"
    },
    "node_modules/std-env": {
      "version": "4.0.0",
      "dev": true,
      "license": "MIT"
    },
    "node_modules/supports-color": {
      "version": "10.2.2",
      "dev": true,
      "license": "MIT",
      "engines": {
        "node": ">=18"
      },
      "funding": {
        "url": "https://github.com/chalk/supports-color?sponsor=1"
      }
    },
    "node_modules/three": {
      "version": "0.182.0",
      "resolved": "https://registry.npmjs.org/three/-/three-0.182.0.tgz",
      "integrity": "sha512-GbHabT+Irv+ihI1/f5kIIsZ+Ef9Sl5A1Y7imvS5RQjWgtTPfPnZ43JmlYI7NtCRDK9zir20lQpfg8/9Yd02OvQ==",
      "license": "MIT"
    },
    "node_modules/three-mesh-bvh": {
      "version": "0.9.9",
      "license": "MIT",
      "peerDependencies": {
        "three": ">= 0.159.0"
      }
    },
    "node_modules/tinybench": {
      "version": "2.9.0",
      "dev": true,
      "license": "MIT"
    },
    "node_modules/tinyexec": {
      "version": "1.1.1",
      "dev": true,
      "license": "MIT",
      "engines": {
        "node": ">=18"
      }
    },
    "node_modules/tinyglobby": {
      "version": "0.2.15",
      "dev": true,
      "license": "MIT",
      "dependencies": {
        "fdir": "^6.5.0",
        "picomatch": "^4.0.3"
      },
      "engines": {
        "node": ">=12.0.0"
      },
      "funding": {
        "url": "https://github.com/sponsors/SuperchupuDev"
      }
    },
    "node_modules/tinyrainbow": {
      "version": "3.1.0",
      "dev": true,
      "license": "MIT",
      "engines": {
        "node": ">=14.0.0"
      }
    },
    "node_modules/typescript": {
      "version": "5.9.3",
      "dev": true,
      "license": "Apache-2.0",
      "bin": {
        "tsc": "bin/tsc",
        "tsserver": "bin/tsserver"
      },
      "engines": {
        "node": ">=14.17"
      }
    },
    "node_modules/undici": {
      "version": "7.24.4",
      "dev": true,
      "license": "MIT",
      "engines": {
        "node": ">=20.18.1"
      }
    },
    "node_modules/undici-types": {
      "version": "7.19.2",
      "resolved": "https://registry.npmjs.org/undici-types/-/undici-types-7.19.2.tgz",
      "integrity": "sha512-qYVnV5OEm2AW8cJMCpdV20CDyaN3g0AjDlOGf1OW4iaDEx8MwdtChUp4zu4H0VP3nDRF/8RKWH+IPp9uW0YGZg==",
      "dev": true,
      "license": "MIT"
    },
    "node_modules/unenv": {
      "version": "2.0.0-rc.24",
      "dev": true,
      "license": "MIT",
      "dependencies": {
        "pathe": "^2.0.3"
      }
    },
    "node_modules/vite": {
      "version": "7.3.2",
      "dev": true,
      "license": "MIT",
      "dependencies": {
        "esbuild": "^0.27.0",
        "fdir": "^6.5.0",
        "picomatch": "^4.0.3",
        "postcss": "^8.5.6",
        "rollup": "^4.43.0",
        "tinyglobby": "^0.2.15"
      },
      "bin": {
        "vite": "bin/vite.js"
      },
      "engines": {
        "node": "^20.19.0 || >=22.12.0"
      },
      "funding": {
        "url": "https://github.com/vitejs/vite?sponsor=1"
      },
      "optionalDependencies": {
        "fsevents": "~2.3.3"
      },
      "peerDependencies": {
        "@types/node": "^20.19.0 || >=22.12.0",
        "jiti": ">=1.21.0",
        "less": "^4.0.0",
        "lightningcss": "^1.21.0",
        "sass": "^1.70.0",
        "sass-embedded": "^1.70.0",
        "stylus": ">=0.54.8",
        "sugarss": "^5.0.0",
        "terser": "^5.16.0",
        "tsx": "^4.8.1",
        "yaml": "^2.4.2"
      },
      "peerDependenciesMeta": {
        "@types/node": {
          "optional": true
        },
        "jiti": {
          "optional": true
        },
        "less": {
          "optional": true
        },
        "lightningcss": {
          "optional": true
        },
        "sass": {
          "optional": true
        },
        "sass-embedded": {
          "optional": true
        },
        "stylus": {
          "optional": true
        },
        "sugarss": {
          "optional": true
        },
        "terser": {
          "optional": true
        },
        "tsx": {
          "optional": true
        },
        "yaml": {
          "optional": true
        }
      }
    },
    "node_modules/vite/node_modules/@esbuild/linux-arm64": {
      "version": "0.27.7",
      "cpu": [
        "arm64"
      ],
      "dev": true,
      "license": "MIT",
      "optional": true,
      "os": [
        "linux"
      ],
      "engines": {
        "node": ">=18"
      }
    },
    "node_modules/vite/node_modules/esbuild": {
      "version": "0.27.7",
      "dev": true,
      "hasInstallScript": true,
      "license": "MIT",
      "bin": {
        "esbuild": "bin/esbuild"
      },
      "engines": {
        "node": ">=18"
      },
      "optionalDependencies": {
        "@esbuild/aix-ppc64": "0.27.7",
        "@esbuild/android-arm": "0.27.7",
        "@esbuild/android-arm64": "0.27.7",
        "@esbuild/android-x64": "0.27.7",
        "@esbuild/darwin-arm64": "0.27.7",
        "@esbuild/darwin-x64": "0.27.7",
        "@esbuild/freebsd-arm64": "0.27.7",
        "@esbuild/freebsd-x64": "0.27.7",
        "@esbuild/linux-arm": "0.27.7",
        "@esbuild/linux-arm64": "0.27.7",
        "@esbuild/linux-ia32": "0.27.7",
        "@esbuild/linux-loong64": "0.27.7",
        "@esbuild/linux-mips64el": "0.27.7",
        "@esbuild/linux-ppc64": "0.27.7",
        "@esbuild/linux-riscv64": "0.27.7",
        "@esbuild/linux-s390x": "0.27.7",
        "@esbuild/linux-x64": "0.27.7",
        "@esbuild/netbsd-arm64": "0.27.7",
        "@esbuild/netbsd-x64": "0.27.7",
        "@esbuild/openbsd-arm64": "0.27.7",
        "@esbuild/openbsd-x64": "0.27.7",
        "@esbuild/openharmony-arm64": "0.27.7",
        "@esbuild/sunos-x64": "0.27.7",
        "@esbuild/win32-arm64": "0.27.7",
        "@esbuild/win32-ia32": "0.27.7",
        "@esbuild/win32-x64": "0.27.7"
      }
    },
    "node_modules/vitest": {
      "version": "4.1.3",
      "dev": true,
      "license": "MIT",
      "dependencies": {
        "@vitest/expect": "4.1.3",
        "@vitest/mocker": "4.1.3",
        "@vitest/pretty-format": "4.1.3",
        "@vitest/runner": "4.1.3",
        "@vitest/snapshot": "4.1.3",
        "@vitest/spy": "4.1.3",
        "@vitest/utils": "4.1.3",
        "es-module-lexer": "^2.0.0",
        "expect-type": "^1.3.0",
        "magic-string": "^0.30.21",
        "obug": "^2.1.1",
        "pathe": "^2.0.3",
        "picomatch": "^4.0.3",
        "std-env": "^4.0.0-rc.1",
        "tinybench": "^2.9.0",
        "tinyexec": "^1.0.2",
        "tinyglobby": "^0.2.15",
        "tinyrainbow": "^3.1.0",
        "vite": "^6.0.0 || ^7.0.0 || ^8.0.0",
        "why-is-node-running": "^2.3.0"
      },
      "bin": {
        "vitest": "vitest.mjs"
      },
      "engines": {
        "node": "^20.0.0 || ^22.0.0 || >=24.0.0"
      },
      "funding": {
        "url": "https://opencollective.com/vitest"
      },
      "peerDependencies": {
        "@edge-runtime/vm": "*",
        "@opentelemetry/api": "^1.9.0",
        "@types/node": "^20.0.0 || ^22.0.0 || >=24.0.0",
        "@vitest/browser-playwright": "4.1.3",
        "@vitest/browser-preview": "4.1.3",
        "@vitest/browser-webdriverio": "4.1.3",
        "@vitest/coverage-istanbul": "4.1.3",
        "@vitest/coverage-v8": "4.1.3",
        "@vitest/ui": "4.1.3",
        "happy-dom": "*",
        "jsdom": "*",
        "vite": "^6.0.0 || ^7.0.0 || ^8.0.0"
      },
      "peerDependenciesMeta": {
        "@edge-runtime/vm": {
          "optional": true
        },
        "@opentelemetry/api": {
          "optional": true
        },
        "@types/node": {
          "optional": true
        },
        "@vitest/browser-playwright": {
          "optional": true
        },
        "@vitest/browser-preview": {
          "optional": true
        },
        "@vitest/browser-webdriverio": {
          "optional": true
        },
        "@vitest/coverage-istanbul": {
          "optional": true
        },
        "@vitest/coverage-v8": {
          "optional": true
        },
        "@vitest/ui": {
          "optional": true
        },
        "happy-dom": {
          "optional": true
        },
        "jsdom": {
          "optional": true
        },
        "vite": {
          "optional": false
        }
      }
    },
    "node_modules/which": {
      "version": "5.0.0",
      "dev": true,
      "license": "ISC",
      "dependencies": {
        "isexe": "^3.1.1"
      },
      "bin": {
        "node-which": "bin/which.js"
      },
      "engines": {
        "node": "^18.17.0 || >=20.5.0"
      }
    },
    "node_modules/why-is-node-running": {
      "version": "2.3.0",
      "dev": true,
      "license": "MIT",
      "dependencies": {
        "siginfo": "^2.0.0",
        "stackback": "0.0.2"
      },
      "bin": {
        "why-is-node-running": "cli.js"
      },
      "engines": {
        "node": ">=8"
      }
    },
    "node_modules/workerd": {
      "version": "1.20260405.1",
      "dev": true,
      "hasInstallScript": true,
      "license": "Apache-2.0",
      "bin": {
        "workerd": "bin/workerd"
      },
      "engines": {
        "node": ">=16"
      },
      "optionalDependencies": {
        "@cloudflare/workerd-darwin-64": "1.20260405.1",
        "@cloudflare/workerd-darwin-arm64": "1.20260405.1",
        "@cloudflare/workerd-linux-64": "1.20260405.1",
        "@cloudflare/workerd-linux-arm64": "1.20260405.1",
        "@cloudflare/workerd-windows-64": "1.20260405.1"
      }
    },
    "node_modules/wrangler": {
      "version": "4.81.0",
      "dev": true,
      "license": "MIT OR Apache-2.0",
      "dependencies": {
        "@cloudflare/kv-asset-handler": "0.4.2",
        "@cloudflare/unenv-preset": "2.16.0",
        "blake3-wasm": "2.1.5",
        "esbuild": "0.27.3",
        "miniflare": "4.20260405.0",
        "path-to-regexp": "6.3.0",
        "unenv": "2.0.0-rc.24",
        "workerd": "1.20260405.1"
      },
      "bin": {
        "wrangler": "bin/wrangler.js",
        "wrangler2": "bin/wrangler.js"
      },
      "engines": {
        "node": ">=20.3.0"
      },
      "optionalDependencies": {
        "fsevents": "~2.3.2"
      },
      "peerDependencies": {
        "@cloudflare/workers-types": "^4.20260405.1"
      },
      "peerDependenciesMeta": {
        "@cloudflare/workers-types": {
          "optional": true
        }
      }
    },
    "node_modules/wrangler/node_modules/@esbuild/linux-arm64": {
      "version": "0.27.3",
      "cpu": [
        "arm64"
      ],
      "dev": true,
      "license": "MIT",
      "optional": true,
      "os": [
        "linux"
      ],
      "engines": {
        "node": ">=18"
      }
    },
    "node_modules/wrangler/node_modules/esbuild": {
      "version": "0.27.3",
      "dev": true,
      "hasInstallScript": true,
      "license": "MIT",
      "bin": {
        "esbuild": "bin/esbuild"
      },
      "engines": {
        "node": ">=18"
      },
      "optionalDependencies": {
        "@esbuild/aix-ppc64": "0.27.3",
        "@esbuild/android-arm": "0.27.3",
        "@esbuild/android-arm64": "0.27.3",
        "@esbuild/android-x64": "0.27.3",
        "@esbuild/darwin-arm64": "0.27.3",
        "@esbuild/darwin-x64": "0.27.3",
        "@esbuild/freebsd-arm64": "0.27.3",
        "@esbuild/freebsd-x64": "0.27.3",
        "@esbuild/linux-arm": "0.27.3",
        "@esbuild/linux-arm64": "0.27.3",
        "@esbuild/linux-ia32": "0.27.3",
        "@esbuild/linux-loong64": "0.27.3",
        "@esbuild/linux-mips64el": "0.27.3",
        "@esbuild/linux-ppc64": "0.27.3",
        "@esbuild/linux-riscv64": "0.27.3",
        "@esbuild/linux-s390x": "0.27.3",
        "@esbuild/linux-x64": "0.27.3",
        "@esbuild/netbsd-arm64": "0.27.3",
        "@esbuild/netbsd-x64": "0.27.3",
        "@esbuild/openbsd-arm64": "0.27.3",
        "@esbuild/openbsd-x64": "0.27.3",
        "@esbuild/openharmony-arm64": "0.27.3",
        "@esbuild/sunos-x64": "0.27.3",
        "@esbuild/win32-arm64": "0.27.3",
        "@esbuild/win32-ia32": "0.27.3",
        "@esbuild/win32-x64": "0.27.3"
      }
    },
    "node_modules/ws": {
      "version": "8.18.0",
      "dev": true,
      "license": "MIT",
      "engines": {
        "node": ">=10.0.0"
      },
      "peerDependencies": {
        "bufferutil": "^4.0.1",
        "utf-8-validate": ">=5.0.2"
      },
      "peerDependenciesMeta": {
        "bufferutil": {
          "optional": true
        },
        "utf-8-validate": {
          "optional": true
        }
      }
    },
    "node_modules/youch": {
      "version": "4.1.0-beta.10",
      "dev": true,
      "license": "MIT",
      "dependencies": {
        "@poppinss/colors": "^4.1.5",
        "@poppinss/dumper": "^0.6.4",
        "@speed-highlight/core": "^1.2.7",
        "cookie": "^1.0.2",
        "youch-core": "^0.3.3"
      }
    },
    "node_modules/youch-core": {
      "version": "0.3.3",
      "dev": true,
      "license": "MIT",
      "dependencies": {
        "@poppinss/exception": "^1.2.2",
        "error-stack-parser-es": "^1.0.5"
      }
    },
    "node_modules/zod": {
      "version": "3.25.76",
      "license": "MIT",
      "funding": {
        "url": "https://github.com/sponsors/colinhacks"
      }
    }
  }
}
